
Microsoft Visual Studio Solution File, Format Version 12.00
# Visual Studio Version 17
VisualStudioVersion = 17.14.36518.9 d17.14
MinimumVisualStudioVersion = 10.0.40219.1
Project("{FAE04EC0-301F-11D3-BF4B-00C04F79EFBC}") = "Bai 1", "Bai 1\Bai 1.csproj", "{BB8A935E-59F7-4AE2-8A03-9E1331E0623B}"
EndProject
Global
	GlobalSection(SolutionConfigurationPlatforms) = preSolution
		Debug|Any CPU = Debug|Any CPU
		Release|Any CPU = Release|Any CPU
	EndGlobalSection
	GlobalSection(ProjectConfigurationPlatforms) = postSolution
		{BB8A935E-59F7-4AE2-8A03-9E1331E0623B}.Debug|Any CPU.ActiveCfg = Debug|Any CPU
		{BB8A935E-59F7-4AE2-8A03-9E1331E0623B}.Debug|Any CPU.Build.0 = Debug|Any CPU
		{BB8A935E-59F7-4AE2-8A03-9E1331E0623B}.Release|Any CPU.ActiveCfg = Release|Any CPU
		{BB8A935E-59F7-4AE2-8A03-9E1331E0623B}.Release|Any CPU.Build.0 = Release|Any CPU
	EndGlobalSection
	GlobalSection(SolutionProperties) = preSolution
		HideSolutionNode = FALSE
	EndGlobalSection
	GlobalSection(ExtensibilityGlobals) = postSolution
		SolutionGuid = {0583DF73-8198-4D46-B9E7-305BDB339A41}
	EndGlobalSection
EndGlobal
